// !$*UTF8*$!
{
	archiveVersion = 1;
	classes = {
	};
	objectVersion = 46;
	objects = {

/* Begin PBXBuildFile section */
		EE1EF1C81C7A4633006E88E6 /* AppDelegate.swift in Sources */ = {isa = PBXBuildFile; fileRef = EE1EF1C71C7A4633006E88E6 /* AppDelegate.swift */; };
		EE1EF1CA1C7A4633006E88E6 /* TipViewController.swift in Sources */ = {isa = PBXBuildFile; fileRef = EE1EF1C91C7A4633006E88E6 /* TipViewController.swift */; };
		EE1EF1CD1C7A4633006E88E6 /* Main.storyboard in Resources */ = {isa = PBXBuildFile; fileRef = EE1EF1CB1C7A4633006E88E6 /* Main.storyboard */; };
		EE1EF1CF1C7A4633006E88E6 /* Assets.xcassets in Resources */ = {isa = PBXBuildFile; fileRef = EE1EF1CE1C7A4633006E88E6 /* Assets.xcassets */; };
		EE1EF1D21C7A4633006E88E6 /* LaunchScreen.storyboard in Resources */ = {isa = PBXBuildFile; fileRef = EE1EF1D01C7A4633006E88E6 /* LaunchScreen.storyboard */; };
		EE1EF1DD1C7A4633006E88E6 /* ProTipTests.swift in Sources */ = {isa = PBXBuildFile; fileRef = EE1EF1DC1C7A4633006E88E6 /* ProTipTests.swift */; };
		EE1EF1E81C7A4633006E88E6 /* ProTipUITests.swift in Sources */ = {isa = PBXBuildFile; fileRef = EE1EF1E71C7A4633006E88E6 /* ProTipUITests.swift */; };
		EE1EF1F91C7A87DD006E88E6 /* SettingsViewController.swift in Sources */ = {isa = PBXBuildFile; fileRef = EE1EF1F81C7A87DD006E88E6 /* SettingsViewController.swift */; settings = {ASSET_TAGS = (); }; };
/* End PBXBuildFile section */

/* Begin PBXContainerItemProxy section */
		EE1EF1D91C7A4633006E88E6 /* PBXContainerItemProxy */ = {
			isa = PBXContainerItemProxy;
			containerPortal = EE1EF1BC1C7A4633006E88E6 /* Project object */;
			proxyType = 1;
			remoteGlobalIDString = EE1EF1C31C7A4633006E88E6;
			remoteInfo = ProTip;
		};
		EE1EF1E41C7A4633006E88E6 /* PBXContainerItemProxy */ = {
			isa = PBXContainerItemProxy;
			containerPortal = EE1EF1BC1C7A4633006E88E6 /* Project object */;
			proxyType = 1;
			remoteGlobalIDString = EE1EF1C31C7A4633006E88E6;
			remoteInfo = ProTip;
		};
/* End PBXContainerItemProxy section */

/* Begin PBXFileReference section */
		EE1EF1C41C7A4633006E88E6 /* ProTipShake.app */ = {isa = PBXFileReference; explicitFileType = wrapper.application; includeInIndex = 0; path = ProTipShake.app; sourceTree = BUILT_PRODUCTS_DIR; };
		EE1EF1C71C7A4633006E88E6 /* AppDelegate.swift */ = {isa = PBXFileReference; lastKnownFileType = sourcecode.swift; path = AppDelegate.swift; sourceTree = "<group>"; };
		EE1EF1C91C7A4633006E88E6 /* TipViewController.swift */ = {isa = PBXFileReference; lastKnownFileType = sourcecode.swift; path = TipViewController.swift; sourceTree = "<group>"; };
		EE1EF1CC1C7A4633006E88E6 /* Base */ = {isa = PBXFileReference; lastKnownFileType = file.storyboard; name = Base; path = Base.lproj/Main.storyboard; sourceTree = "<group>"; };
		EE1EF1CE1C7A4633006E88E6 /* Assets.xcassets */ = {isa = PBXFileReference; lastKnownFileType = folder.assetcatalog; path = Assets.xcassets; sourceTree = "<group>"; };
		EE1EF1D11C7A4633006E88E6 /* Base */ = {isa = PBXFileReference; lastKnownFileType = file.storyboard; name = Base; path = Base.lproj/LaunchScreen.storyboard; sourceTree = "<group>"; };
		EE1EF1D31C7A4633006E88E6 /* Info.plist */ = {isa = PBXFileReference; lastKnownFileType = text.plist.xml; path = Info.plist; sourceTree = "<group>"; };
		EE1EF1D81C7A4633006E88E6 /* ProTipShake.xctest */ = {isa = PBXFileReference; explicitFileType = wrapper.cfbundle; includeInIndex = 0; path = ProTipShake.xctest; sourceTree = BUILT_PRODUCTS_DIR; };
		EE1EF1DC1C7A4633006E88E6 /* ProTipTests.swift */ = {isa = PBXFileReference; lastKnownFileType = sourcecode.swift; path = ProTipTests.swift; sourceTree = "<group>"; };
		EE1EF1DE1C7A4633006E88E6 /* Info.plist */ = {isa = PBXFileReference; lastKnownFileType = text.plist.xml; path = Info.plist; sourceTree = "<group>"; };
		EE1EF1E31C7A4633006E88E6 /* ProTipShake.xctest */ = {isa = PBXFileReference; explicitFileType = wrapper.cfbundle; includeInIndex = 0; path = ProTipShake.xctest; sourceTree = BUILT_PRODUCTS_DIR; };
		EE1EF1E71C7A4633006E88E6 /* ProTipUITests.swift */ = {isa = PBXFileReference; lastKnownFileType = sourcecode.swift; path = ProTipUITests.swift; sourceTree = "<group>"; };
		EE1EF1E91C7A4633006E88E6 /* Info.plist */ = {isa = PBXFileReference; lastKnownFileType = text.plist.xml; path = Info.plist; sourceTree = "<group>"; };
		EE1EF1F81C7A87DD006E88E6 /* SettingsViewController.swift */ = {isa = PBXFileReference; fileEncoding = 4; lastKnownFileType = sourcecode.swift; path = SettingsViewController.swift; sourceTree = "<group>"; };
/* End PBXFileReference section */

/* Begin PBXFrameworksBuildPhase section */
		EE1EF1C11C7A4633006E88E6 /* Frameworks */ = {
			isa = PBXFrameworksBuildPhase;
			buildActionMask = 2147483647;
			files = (
			);
			runOnlyForDeploymentPostprocessing = 0;
		};
		EE1EF1D51C7A4633006E88E6 /* Frameworks */ = {
			isa = PBXFrameworksBuildPhase;
			buildActionMask = 2147483647;
			files = (
			);
			runOnlyForDeploymentPostprocessing = 0;
		};
		EE1EF1E01C7A4633006E88E6 /* Frameworks */ = {
			isa = PBXFrameworksBuildPhase;
			buildActionMask = 2147483647;
			files = (
			);
			runOnlyForDeploymentPostprocessing = 0;
		};
/* End PBXFrameworksBuildPhase section */

/* Begin PBXGroup section */
		EE1EF1BB1C7A4633006E88E6 = {
			isa = PBXGroup;
			children = (
				EE1EF1C61C7A4633006E88E6 /* ProTip */,
				EE1EF1DB1C7A4633006E88E6 /* ProTipTests */,
				EE1EF1E61C7A4633006E88E6 /* ProTipUITests */,
				EE1EF1C51C7A4633006E88E6 /* Products */,
			);
			sourceTree = "<group>";
		};
		EE1EF1C51C7A4633006E88E6 /* Products */ = {
			isa = PBXGroup;
			children = (
				EE1EF1C41C7A4633006E88E6 /* ProTipShake.app */,
				EE1EF1D81C7A4633006E88E6 /* ProTipShake.xctest */,
				EE1EF1E31C7A4633006E88E6 /* ProTipShake.xctest */,
			);
			name = Products;
			sourceTree = "<group>";
		};
		EE1EF1C61C7A4633006E88E6 /* ProTip */ = {
			isa = PBXGroup;
			children = (
				EE1EF1F71C7A7C54006E88E6 /* View Controllers */,
				EE1EF1C71C7A4633006E88E6 /* AppDelegate.swift */,
				EE1EF1CB1C7A4633006E88E6 /* Main.storyboard */,
				EE1EF1CE1C7A4633006E88E6 /* Assets.xcassets */,
				EE1EF1D01C7A4633006E88E6 /* LaunchScreen.storyboard */,
				EE1EF1D31C7A4633006E88E6 /* Info.plist */,
			);
			path = ProTip;
			sourceTree = "<group>";
		};
		EE1EF1DB1C7A4633006E88E6 /* ProTipTests */ = {
			isa = PBXGroup;
			children = (
				EE1EF1DC1C7A4633006E88E6 /* ProTipTests.swift */,
				EE1EF1DE1C7A4633006E88E6 /* Info.plist */,
			);
			path = ProTipTests;
			sourceTree = "<group>";
		};
		EE1EF1E61C7A4633006E88E6 /* ProTipUITests */ = {
			isa = PBXGroup;
			children = (
				EE1EF1E71C7A4633006E88E6 /* ProTipUITests.swift */,
				EE1EF1E91C7A4633006E88E6 /* Info.plist */,
			);
			path = ProTipUITests;
			sourceTree = "<group>";
		};
		EE1EF1F71C7A7C54006E88E6 /* View Controllers */ = {
			isa = PBXGroup;
			children = (
				EE1EF1C91C7A4633006E88E6 /* TipViewController.swift */,
				EE1EF1F81C7A87DD006E88E6 /* SettingsViewController.swift */,
			);
			name = "View Controllers";
			sourceTree = "<group>";
		};
/* End PBXGroup section */

/* Begin PBXNativeTarget section */
		EE1EF1C31C7A4633006E88E6 /* ProTipShake */ = {
			isa = PBXNativeTarget;
			buildConfigurationList = EE1EF1EC1C7A4633006E88E6 /* Build configuration list for PBXNativeTarget "ProTipShake" */;
			buildPhases = (
				EE1EF1C01C7A4633006E88E6 /* Sources */,
				EE1EF1C11C7A4633006E88E6 /* Frameworks */,
				EE1EF1C21C7A4633006E88E6 /* Resources */,
			);
			buildRules = (
			);
			dependencies = (
			);
			name = ProTipShake;
			productName = ProTip;
			productReference = EE1EF1C41C7A4633006E88E6 /* ProTipShake.app */;
			productType = "com.apple.product-type.application";
		};
		EE1EF1D71C7A4633006E88E6 /* ProTipShakeTests */ = {
			isa = PBXNativeTarget;
			buildConfigurationList = EE1EF1EF1C7A4633006E88E6 /* Build configuration list for PBXNativeTarget "ProTipShakeTests" */;
			buildPhases = (
				EE1EF1D41C7A4633006E88E6 /* Sources */,
				EE1EF1D51C7A4633006E88E6 /* Frameworks */,
				EE1EF1D61C7A4633006E88E6 /* Resources */,
			);
			buildRules = (
			);
			dependencies = (
				EE1EF1DA1C7A4633006E88E6 /* PBXTargetDependency */,
			);
			name = ProTipShakeTests;
			productName = ProTipTests;
			productReference = EE1EF1D81C7A4633006E88E6 /* ProTipShake.xctest */;
			productType = "com.apple.product-type.bundle.unit-test";
		};
		EE1EF1E21C7A4633006E88E6 /* ProTipShakeUITests */ = {
			isa = PBXNativeTarget;
			buildConfigurationList = EE1EF1F21C7A4633006E88E6 /* Build configuration list for PBXNativeTarget "ProTipShakeUITests" */;
			buildPhases = (
				EE1EF1DF1C7A4633006E88E6 /* Sources */,
				EE1EF1E01C7A4633006E88E6 /* Frameworks */,
				EE1EF1E11C7A4633006E88E6 /* Resources */,
			);
			buildRules = (
			);
			dependencies = (
				EE1EF1E51C7A4633006E88E6 /* PBXTargetDependency */,
			);
			name = ProTipShakeUITests;
			productName = ProTipUITests;
			productReference = EE1EF1E31C7A4633006E88E6 /* ProTipShake.xctest */;
			productType = "com.apple.product-type.bundle.ui-testing";
		};
/* End PBXNativeTarget section */

/* Begin PBXProject section */
		EE1EF1BC1C7A4633006E88E6 /* Project object */ = {
			isa = PBXProject;
			attributes = {
				LastUpgradeCheck = 0700;
				ORGANIZATIONNAME = honeybadgerinc;
				TargetAttributes = {
					EE1EF1C31C7A4633006E88E6 = {
						CreatedOnToolsVersion = 7.0.1;
					};
					EE1EF1D71C7A4633006E88E6 = {
						CreatedOnToolsVersion = 7.0.1;
						TestTargetID = EE1EF1C31C7A4633006E88E6;
					};
					EE1EF1E21C7A4633006E88E6 = {
						CreatedOnToolsVersion = 7.0.1;
						TestTargetID = EE1EF1C31C7A4633006E88E6;
					};
				};
			};
			buildConfigurationList = EE1EF1BF1C7A4633006E88E6 /* Build configuration list for PBXProject "ProTipShake" */;
			compatibilityVersion = "Xcode 3.2";
			developmentRegion = English;
			hasScannedForEncodings = 0;
			knownRegions = (
				en,
				Base,
			);
			mainGroup = EE1EF1BB1C7A4633006E88E6;
			productRefGroup = EE1EF1C51C7A4633006E88E6 /* Products */;
			projectDirPath = "";
			projectRoot = "";
			targets = (
				EE1EF1C31C7A4633006E88E6 /* ProTipShake */,
				EE1EF1D71C7A4633006E88E6 /* ProTipShakeTests */,
				EE1EF1E21C7A4633006E88E6 /* ProTipShakeUITests */,
			);
		};
/* End PBXProject section */

/* Begin PBXResourcesBuildPhase section */
		EE1EF1C21C7A4633006E88E6 /* Resources */ = {
			isa = PBXResourcesBuildPhase;
			buildActionMask = 2147483647;
			files = (
				EE1EF1D21C7A4633006E88E6 /* LaunchScreen.storyboard in Resources */,
				EE1EF1CF1C7A4633006E88E6 /* Assets.xcassets in Resources */,
				EE1EF1CD1C7A4633006E88E6 /* Main.storyboard in Resources */,
			);
			runOnlyForDeploymentPostprocessing = 0;
		};
		EE1EF1D61C7A4633006E88E6 /* Resources */ = {
			isa = PBXResourcesBuildPhase;
			buildActionMask = 2147483647;
			files = (
			);
			runOnlyForDeploymentPostprocessing = 0;
		};
		EE1EF1E11C7A4633006E88E6 /* Resources */ = {
			isa = PBXResourcesBuildPhase;
			buildActionMask = 2147483647;
			files = (
			);
			runOnlyForDeploymentPostprocessing = 0;
		};
/* End PBXResourcesBuildPhase section */

/* Begin PBXSourcesBuildPhase section */
		EE1EF1C01C7A4633006E88E6 /* Sources */ = {
			isa = PBXSourcesBuildPhase;
			buildActionMask = 2147483647;
			files = (
				EE1EF1CA1C7A4633006E88E6 /* TipViewController.swift in Sources */,
				EE1EF1C81C7A4633006E88E6 /* AppDelegate.swift in Sources */,
				EE1EF1F91C7A87DD006E88E6 /* SettingsViewController.swift in Sources */,
			);
			runOnlyForDeploymentPostprocessing = 0;
		};
		EE1EF1D41C7A4633006E88E6 /* Sources */ = {
			isa = PBXSourcesBuildPhase;
			buildActionMask = 2147483647;
			files = (
				EE1EF1DD1C7A4633006E88E6 /* ProTipTests.swift in Sources */,
			);
			runOnlyForDeploymentPostprocessing = 0;
		};
		EE1EF1DF1C7A4633006E88E6 /* Sources */ = {
			isa = PBXSourcesBuildPhase;
			buildActionMask = 2147483647;
			files = (
				EE1EF1E81C7A4633006E88E6 /* ProTipUITests.swift in Sources */,
			);
			runOnlyForDeploymentPostprocessing = 0;
		};
/* End PBXSourcesBuildPhase section */

/* Begin PBXTargetDependency section */
		EE1EF1DA1C7A4633006E88E6 /* PBXTargetDependency */ = {
			isa = PBXTargetDependency;
			target = EE1EF1C31C7A4633006E88E6 /* ProTipShake */;
			targetProxy = EE1EF1D91C7A4633006E88E6 /* PBXContainerItemProxy */;
		};
		EE1EF1E51C7A4633006E88E6 /* PBXTargetDependency */ = {
			isa = PBXTargetDependency;
			target = EE1EF1C31C7A4633006E88E6 /* ProTipShake */;
			targetProxy = EE1EF1E41C7A4633006E88E6 /* PBXContainerItemProxy */;
		};
/* End PBXTargetDependency section */

/* Begin PBXVariantGroup section */
		EE1EF1CB1C7A4633006E88E6 /* Main.storyboard */ = {
			isa = PBXVariantGroup;
			children = (
				EE1EF1CC1C7A4633006E88E6 /* Base */,
			);
			name = Main.storyboard;
			sourceTree = "<group>";
		};
		EE1EF1D01C7A4633006E88E6 /* LaunchScreen.storyboard */ = {
			isa = PBXVariantGroup;
			children = (
				EE1EF1D11C7A4633006E88E6 /* Base */,
			);
			name = LaunchScreen.storyboard;
			sourceTree = "<group>";
		};
/* End PBXVariantGroup section */

/* Begin XCBuildConfiguration section */
		EE1EF1EA1C7A4633006E88E6 /* Debug */ = {
			isa = XCBuildConfiguration;
			buildSettings = {
				ALWAYS_SEARCH_USER_PATHS = NO;
				CLANG_CXX_LANGUAGE_STANDARD = "gnu++0x";
				CLANG_CXX_LIBRARY = "libc++";
				CLANG_ENABLE_MODULES = YES;
				CLANG_ENABLE_OBJC_ARC = YES;
				CLANG_WARN_BOOL_CONVERSION = YES;
				CLANG_WARN_CONSTANT_CONVERSION = YES;
				CLANG_WARN_DIRECT_OBJC_ISA_USAGE = YES_ERROR;
				CLANG_WARN_EMPTY_BODY = YES;
				CLANG_WARN_ENUM_CONVERSION = YES;
				CLANG_WARN_INT_CONVERSION = YES;
				CLANG_WARN_OBJC_ROOT_CLASS = YES_ERROR;
				CLANG_WARN_UNREACHABLE_CODE = YES;
				CLANG_WARN__DUPLICATE_METHOD_MATCH = YES;
				"CODE_SIGN_IDENTITY[sdk=iphoneos*]" = "iPhone Developer";
				COPY_PHASE_STRIP = NO;
				DEBUG_INFORMATION_FORMAT = dwarf;
				ENABLE_STRICT_OBJC_MSGSEND = YES;
				ENABLE_TESTABILITY = YES;
				GCC_C_LANGUAGE_STANDARD = gnu99;
				GCC_DYNAMIC_NO_PIC = NO;
				GCC_NO_COMMON_BLOCKS = YES;
				GCC_OPTIMIZATION_LEVEL = 0;
				GCC_PREPROCESSOR_DEFINITIONS = (
					"DEBUG=1",
					"$(inherited)",
				);
				GCC_WARN_64_TO_32_BIT_CONVERSION = YES;
				GCC_WARN_ABOUT_RETURN_TYPE = YES_ERROR;
				GCC_WARN_UNDECLARED_SELECTOR = YES;
				GCC_WARN_UNINITIALIZED_AUTOS = YES_AGGRESSIVE;
				GCC_WARN_UNUSED_FUNCTION = YES;
				GCC_WARN_UNUSED_VARIABLE = YES;
				IPHONEOS_DEPLOYMENT_TARGET = 9.0;
				MTL_ENABLE_DEBUG_INFO = YES;
				ONLY_ACTIVE_ARCH = YES;
				SDKROOT = iphoneos;
				SWIFT_OPTIMIZATION_LEVEL = "-Onone";
			};
			name = Debug;
		};
		EE1EF1EB1C7A4633006E88E6 /* Release */ = {
			isa = XCBuildConfiguration;
			buildSettings = {
				ALWAYS_SEARCH_USER_PATHS = NO;
				CLANG_CXX_LANGUAGE_STANDARD = "gnu++0x";
				CLANG_CXX_LIBRARY = "libc++";
				CLANG_ENABLE_MODULES = YES;
				CLANG_ENABLE_OBJC_ARC = YES;
				CLANG_WARN_BOOL_CONVERSION = YES;
				CLANG_WARN_CONSTANT_CONVERSION = YES;
				CLANG_WARN_DIRECT_OBJC_ISA_USAGE = YES_ERROR;
				CLANG_WARN_EMPTY_BODY = YES;
				CLANG_WARN_ENUM_CONVERSION = YES;
				CLANG_WARN_INT_CONVERSION = YES;
				CLANG_WARN_OBJC_ROOT_CLASS = YES_ERROR;
				CLANG_WARN_UNREACHABLE_CODE = YES;
				CLANG_WARN__DUPLICATE_METHOD_MATCH = YES;
				"CODE_SIGN_IDENTITY[sdk=iphoneos*]" = "iPhone Developer";
				COPY_PHASE_STRIP = NO;
				DEBUG_INFORMATION_FORMAT = "dwarf-with-dsym";
				ENABLE_NS_ASSERTIONS = NO;
				ENABLE_STRICT_OBJC_MSGSEND = YES;
				GCC_C_LANGUAGE_STANDARD = gnu99;
				GCC_NO_COMMON_BLOCKS = YES;
				GCC_WARN_64_TO_32_BIT_CONVERSION = YES;
				GCC_WARN_ABOUT_RETURN_TYPE = YES_ERROR;
				GCC_WARN_UNDECLARED_SELECTOR = YES;
				GCC_WARN_UNINITIALIZED_AUTOS = YES_AGGRESSIVE;
				GCC_WARN_UNUSED_FUNCTION = YES;
				GCC_WARN_UNUSED_VARIABLE = YES;
				IPHONEOS_DEPLOYMENT_TARGET = 9.0;
				MTL_ENABLE_DEBUG_INFO = NO;
				SDKROOT = iphoneos;
				VALIDATE_PRODUCT = YES;
			};
			name = Release;
		};
		EE1EF1ED1C7A4633006E88E6 /* Debug */ = {
			isa = XCBuildConfiguration;
			buildSettings = {
				ASSETCATALOG_COMPILER_APPICON_NAME = AppIcon;
				INFOPLIST_FILE = ProTip/Info.plist;
				LD_RUNPATH_SEARCH_PATHS = "$(inherited) @executable_path/Frameworks";
				PRODUCT_BUNDLE_IDENTIFIER = com.honeybadgerinc.ProTip;
				PRODUCT_NAME = ProTipShake;
			};
			name = Debug;
		};
		EE1EF1EE1C7A4633006E88E6 /* Release */ = {
			isa = XCBuildConfiguration;
			buildSettings = {
				ASSETCATALOG_COMPILER_APPICON_NAME = AppIcon;
				INFOPLIST_FILE = ProTip/Info.plist;
				LD_RUNPATH_SEARCH_PATHS = "$(inherited) @executable_path/Frameworks";
				PRODUCT_BUNDLE_IDENTIFIER = com.honeybadgerinc.ProTip;
				PRODUCT_NAME = ProTipShake;
			};
			name = Release;
		};
		EE1EF1F01C7A4633006E88E6 /* Debug */ = {
			isa = XCBuildConfiguration;
			buildSettings = {
				BUNDLE_LOADER = "$(TEST_HOST)";
				INFOPLIST_FILE = ProTipTests/Info.plist;
				LD_RUNPATH_SEARCH_PATHS = "$(inherited) @executable_path/Frameworks @loader_path/Frameworks";
				PRODUCT_BUNDLE_IDENTIFIER = com.honeybadgerinc.ProTipTests;
				PRODUCT_NAME = ProTipShake;
				TEST_HOST = "$(BUILT_PRODUCTS_DIR)/ProTipShake.app/ProTipShake";
			};
			name = Debug;
		};
		EE1EF1F11C7A4633006E88E6 /* Release */ = {
			isa = XCBuildConfiguration;
			buildSettings = {
				BUNDLE_LOADER = "$(TEST_HOST)";
				INFOPLIST_FILE = ProTipTests/Info.plist;
				LD_RUNPATH_SEARCH_PATHS = "$(inherited) @executable_path/Frameworks @loader_path/Frameworks";
				PRODUCT_BUNDLE_IDENTIFIER = com.honeybadgerinc.ProTipTests;
				PRODUCT_NAME = ProTipShake;
				TEST_HOST = "$(BUILT_PRODUCTS_DIR)/ProTipShake.app/ProTipShake";
			};
			name = Release;
		};
		EE1EF1F31C7A4633006E88E6 /* Debug */ = {
			isa = XCBuildConfiguration;
			buildSettings = {
				INFOPLIST_FILE = ProTipUITests/Info.plist;
				LD_RUNPATH_SEARCH_PATHS = "$(inherited) @executable_path/Frameworks @loader_path/Frameworks";
				PRODUCT_BUNDLE_IDENTIFIER = com.honeybadgerinc.ProTipUITests;
				PRODUCT_NAME = ProTipShake;
				TEST_TARGET_NAME = ProTip;
				USES_XCTRUNNER = YES;
			};
			name = Debug;
		};
		EE1EF1F41C7A4633006E88E6 /* Release */ = {
			isa = XCBuildConfiguration;
			buildSettings = {
				INFOPLIST_FILE = ProTipUITests/Info.plist;
				LD_RUNPATH_SEARCH_PATHS = "$(inherited) @executable_path/Frameworks @loader_path/Frameworks";
				PRODUCT_BUNDLE_IDENTIFIER = com.honeybadgerinc.ProTipUITests;
				PRODUCT_NAME = ProTipShake;
				TEST_TARGET_NAME = ProTip;
				USES_XCTRUNNER = YES;
			};
			name = Release;
		};
/* End XCBuildConfiguration section */

/* Begin XCConfigurationList section */
		EE1EF1BF1C7A4633006E88E6 /* Build configuration list for PBXProject "ProTipShake" */ = {
			isa = XCConfigurationList;
			buildConfigurations = (
				EE1EF1EA1C7A4633006E88E6 /* Debug */,
				EE1EF1EB1C7A4633006E88E6 /* Release */,
			);
			defaultConfigurationIsVisible = 0;
			defaultConfigurationName = Release;
		};
		EE1EF1EC1C7A4633006E88E6 /* Build configuration list for PBXNativeTarget "ProTipShake" */ = {
			isa = XCConfigurationList;
			buildConfigurations = (
				EE1EF1ED1C7A4633006E88E6 /* Debug */,
				EE1EF1EE1C7A4633006E88E6 /* Release */,
			);
			defaultConfigurationIsVisible = 0;
			defaultConfigurationName = Release;
		};
		EE1EF1EF1C7A4633006E88E6 /* Build configuration list for PBXNativeTarget "ProTipShakeTests" */ = {
			isa = XCConfigurationList;
			buildConfigurations = (
				EE1EF1F01C7A4633006E88E6 /* Debug */,
				EE1EF1F11C7A4633006E88E6 /* Release */,
			);
			defaultConfigurationIsVisible = 0;
			defaultConfigurationName = Release;
		};
		EE1EF1F21C7A4633006E88E6 /* Build configuration list for PBXNativeTarget "ProTipShakeUITests" */ = {
			isa = XCConfigurationList;
			buildConfigurations = (
				EE1EF1F31C7A4633006E88E6 /* Debug */,
				EE1EF1F41C7A4633006E88E6 /* Release */,
			);
			defaultConfigurationIsVisible = 0;
			defaultConfigurationName = Release;
		};
/* End XCConfigurationList section */
	};
	rootObject = EE1EF1BC1C7A4633006E88E6 /* Project object */;
}
